// !$*UTF8*$!
{
	archiveVersion = 1;
	classes = {
	};
	objectVersion = 45;
	objects = {

/* Begin PBXBuildFile section */
		1DDD58160DA1D0A300B32029 /* MainMenu.xib in Resources */ = {isa = PBXBuildFile; fileRef = 1DDD58140DA1D0A300B32029 /* MainMenu.xib */; };
		8D11072B0486CEB800E47090 /* InfoPlist.strings in Resources */ = {isa = PBXBuildFile; fileRef = 089C165CFE840E0CC02AAC07 /* InfoPlist.strings */; };
		8D11072D0486CEB800E47090 /* main.m in Sources */ = {isa = PBXBuildFile; fileRef = 29B97316FDCFA39411CA2CEA /* main.m */; settings = {ATTRIBUTES = (); }; };
		8D11072F0486CEB800E47090 /* Cocoa.framework in Frameworks */ = {isa = PBXBuildFile; fileRef = 1058C7A1FEA54F0111CA2CBB /* Cocoa.framework */; };
		CEAEE23C0FEC0E7F00950781 /* WWCardEditor.m in Sources */ = {isa = PBXBuildFile; fileRef = CEAEE23B0FEC0E7F00950781 /* WWCardEditor.m */; };
		CEAEE2400FEC0EB300950781 /* WWCardEditorRow.m in Sources */ = {isa = PBXBuildFile; fileRef = CEAEE23F0FEC0EB300950781 /* WWCardEditorRow.m */; };
		CEAEE2450FEC0F1500950781 /* WWKeyValueRow.m in Sources */ = {isa = PBXBuildFile; fileRef = CEAEE2440FEC0F1500950781 /* WWKeyValueRow.m */; };
		CEFE66820FE8434D0093A2E9 /* WWFlowFieldRow.m in Sources */ = {isa = PBXBuildFile; fileRef = CEFE66810FE8434D0093A2E9 /* WWFlowFieldRow.m */; };
		CEFE66860FE844100093A2E9 /* WWFlowFields.m in Sources */ = {isa = PBXBuildFile; fileRef = CEFE66850FE844100093A2E9 /* WWFlowFields.m */; };
		CEFE66C60FE848840093A2E9 /* TestController.m in Sources */ = {isa = PBXBuildFile; fileRef = CEFE66C50FE848840093A2E9 /* TestController.m */; };
		CEFE67950FE858930093A2E9 /* WWFlowFieldRowTextView.m in Sources */ = {isa = PBXBuildFile; fileRef = CEFE67940FE858930093A2E9 /* WWFlowFieldRowTextView.m */; };
		CEFE68920FE867F30093A2E9 /* NSColor+Extras.m in Sources */ = {isa = PBXBuildFile; fileRef = CEFE68910FE867F30093A2E9 /* NSColor+Extras.m */; };
/* End PBXBuildFile section */

/* Begin PBXFileReference section */
		089C165DFE840E0CC02AAC07 /* English */ = {isa = PBXFileReference; fileEncoding = 10; lastKnownFileType = text.plist.strings; name = English; path = English.lproj/InfoPlist.strings; sourceTree = "<group>"; };
		1058C7A1FEA54F0111CA2CBB /* Cocoa.framework */ = {isa = PBXFileReference; lastKnownFileType = wrapper.framework; name = Cocoa.framework; path = /System/Library/Frameworks/Cocoa.framework; sourceTree = "<absolute>"; };
		13E42FB307B3F0F600E4EEF1 /* CoreData.framework */ = {isa = PBXFileReference; lastKnownFileType = wrapper.framework; name = CoreData.framework; path = /System/Library/Frameworks/CoreData.framework; sourceTree = "<absolute>"; };
		1DDD58150DA1D0A300B32029 /* English */ = {isa = PBXFileReference; lastKnownFileType = file.xib; name = English; path = English.lproj/MainMenu.xib; sourceTree = "<group>"; };
		29B97316FDCFA39411CA2CEA /* main.m */ = {isa = PBXFileReference; fileEncoding = 4; lastKnownFileType = sourcecode.c.objc; path = main.m; sourceTree = "<group>"; };
		29B97324FDCFA39411CA2CEA /* AppKit.framework */ = {isa = PBXFileReference; lastKnownFileType = wrapper.framework; name = AppKit.framework; path = /System/Library/Frameworks/AppKit.framework; sourceTree = "<absolute>"; };
		29B97325FDCFA39411CA2CEA /* Foundation.framework */ = {isa = PBXFileReference; lastKnownFileType = wrapper.framework; name = Foundation.framework; path = /System/Library/Frameworks/Foundation.framework; sourceTree = "<absolute>"; };
		32CA4F630368D1EE00C91783 /* WWCardEditor_Prefix.pch */ = {isa = PBXFileReference; fileEncoding = 4; lastKnownFileType = sourcecode.c.h; path = WWCardEditor_Prefix.pch; sourceTree = "<group>"; };
		8D1107310486CEB800E47090 /* Info.plist */ = {isa = PBXFileReference; fileEncoding = 4; lastKnownFileType = text.plist.xml; path = Info.plist; sourceTree = "<group>"; };
		8D1107320486CEB800E47090 /* WWCardEditor.app */ = {isa = PBXFileReference; explicitFileType = wrapper.application; includeInIndex = 0; path = WWCardEditor.app; sourceTree = BUILT_PRODUCTS_DIR; };
		CEAEE23A0FEC0E7F00950781 /* WWCardEditor.h */ = {isa = PBXFileReference; fileEncoding = 4; lastKnownFileType = sourcecode.c.h; path = WWCardEditor.h; sourceTree = "<group>"; };
		CEAEE23B0FEC0E7F00950781 /* WWCardEditor.m */ = {isa = PBXFileReference; fileEncoding = 4; lastKnownFileType = sourcecode.c.objc; path = WWCardEditor.m; sourceTree = "<group>"; };
		CEAEE23E0FEC0EB300950781 /* WWCardEditorRow.h */ = {isa = PBXFileReference; fileEncoding = 4; lastKnownFileType = sourcecode.c.h; path = WWCardEditorRow.h; sourceTree = "<group>"; };
		CEAEE23F0FEC0EB300950781 /* WWCardEditorRow.m */ = {isa = PBXFileReference; fileEncoding = 4; lastKnownFileType = sourcecode.c.objc; path = WWCardEditorRow.m; sourceTree = "<group>"; };
		CEAEE2430FEC0F1500950781 /* WWKeyValueRow.h */ = {isa = PBXFileReference; fileEncoding = 4; lastKnownFileType = sourcecode.c.h; path = WWKeyValueRow.h; sourceTree = "<group>"; };
		CEAEE2440FEC0F1500950781 /* WWKeyValueRow.m */ = {isa = PBXFileReference; fileEncoding = 4; lastKnownFileType = sourcecode.c.objc; path = WWKeyValueRow.m; sourceTree = "<group>"; };
		CEFE66800FE8434D0093A2E9 /* WWFlowFieldRow.h */ = {isa = PBXFileReference; fileEncoding = 4; lastKnownFileType = sourcecode.c.h; path = WWFlowFieldRow.h; sourceTree = "<group>"; };
		CEFE66810FE8434D0093A2E9 /* WWFlowFieldRow.m */ = {isa = PBXFileReference; fileEncoding = 4; lastKnownFileType = sourcecode.c.objc; path = WWFlowFieldRow.m; sourceTree = "<group>"; };
		CEFE66840FE844100093A2E9 /* WWFlowFields.h */ = {isa = PBXFileReference; fileEncoding = 4; lastKnownFileType = sourcecode.c.h; path = WWFlowFields.h; sourceTree = "<group>"; };
		CEFE66850FE844100093A2E9 /* WWFlowFields.m */ = {isa = PBXFileReference; fileEncoding = 4; lastKnownFileType = sourcecode.c.objc; path = WWFlowFields.m; sourceTree = "<group>"; };
		CEFE66C40FE848840093A2E9 /* TestController.h */ = {isa = PBXFileReference; fileEncoding = 4; lastKnownFileType = sourcecode.c.h; path = TestController.h; sourceTree = "<group>"; };
		CEFE66C50FE848840093A2E9 /* TestController.m */ = {isa = PBXFileReference; fileEncoding = 4; lastKnownFileType = sourcecode.c.objc; path = TestController.m; sourceTree = "<group>"; };
		CEFE67930FE858930093A2E9 /* WWFlowFieldRowTextView.h */ = {isa = PBXFileReference; fileEncoding = 4; lastKnownFileType = sourcecode.c.h; path = WWFlowFieldRowTextView.h; sourceTree = "<group>"; };
		CEFE67940FE858930093A2E9 /* WWFlowFieldRowTextView.m */ = {isa = PBXFileReference; fileEncoding = 4; lastKnownFileType = sourcecode.c.objc; path = WWFlowFieldRowTextView.m; sourceTree = "<group>"; };
		CEFE68900FE867F30093A2E9 /* NSColor+Extras.h */ = {isa = PBXFileReference; fileEncoding = 4; lastKnownFileType = sourcecode.c.h; path = "NSColor+Extras.h"; sourceTree = "<group>"; };
		CEFE68910FE867F30093A2E9 /* NSColor+Extras.m */ = {isa = PBXFileReference; fileEncoding = 4; lastKnownFileType = sourcecode.c.objc; path = "NSColor+Extras.m"; sourceTree = "<group>"; };
		CEFE69340FE8700D0093A2E9 /* WWFlowFieldRow_Internals.h */ = {isa = PBXFileReference; fileEncoding = 4; lastKnownFileType = sourcecode.c.h; path = WWFlowFieldRow_Internals.h; sourceTree = "<group>"; };
/* End PBXFileReference section */

/* Begin PBXFrameworksBuildPhase section */
		8D11072E0486CEB800E47090 /* Frameworks */ = {
			isa = PBXFrameworksBuildPhase;
			buildActionMask = 2147483647;
			files = (
				8D11072F0486CEB800E47090 /* Cocoa.framework in Frameworks */,
			);
			runOnlyForDeploymentPostprocessing = 0;
		};
/* End PBXFrameworksBuildPhase section */

/* Begin PBXGroup section */
		080E96DDFE201D6D7F000001 /* Classes */ = {
			isa = PBXGroup;
			children = (
				CEAEE23D0FEC0E8B00950781 /* Card Editor */,
				CEFE66C40FE848840093A2E9 /* TestController.h */,
				CEFE66C50FE848840093A2E9 /* TestController.m */,
			);
			name = Classes;
			sourceTree = "<group>";
		};
		1058C7A0FEA54F0111CA2CBB /* Linked Frameworks */ = {
			isa = PBXGroup;
			children = (
				1058C7A1FEA54F0111CA2CBB /* Cocoa.framework */,
			);
			name = "Linked Frameworks";
			sourceTree = "<group>";
		};
		1058C7A2FEA54F0111CA2CBB /* Other Frameworks */ = {
			isa = PBXGroup;
			children = (
				29B97324FDCFA39411CA2CEA /* AppKit.framework */,
				13E42FB307B3F0F600E4EEF1 /* CoreData.framework */,
				29B97325FDCFA39411CA2CEA /* Foundation.framework */,
			);
			name = "Other Frameworks";
			sourceTree = "<group>";
		};
		19C28FACFE9D520D11CA2CBB /* Products */ = {
			isa = PBXGroup;
			children = (
				8D1107320486CEB800E47090 /* WWCardEditor.app */,
			);
			name = Products;
			sourceTree = "<group>";
		};
		29B97314FDCFA39411CA2CEA /* WWCardEditor */ = {
			isa = PBXGroup;
			children = (
				080E96DDFE201D6D7F000001 /* Classes */,
				29B97315FDCFA39411CA2CEA /* Other Sources */,
				29B97317FDCFA39411CA2CEA /* Resources */,
				29B97323FDCFA39411CA2CEA /* Frameworks */,
				19C28FACFE9D520D11CA2CBB /* Products */,
				CEFE68900FE867F30093A2E9 /* NSColor+Extras.h */,
				CEFE68910FE867F30093A2E9 /* NSColor+Extras.m */,
			);
			name = WWCardEditor;
			sourceTree = "<group>";
		};
		29B97315FDCFA39411CA2CEA /* Other Sources */ = {
			isa = PBXGroup;
			children = (
				32CA4F630368D1EE00C91783 /* WWCardEditor_Prefix.pch */,
				29B97316FDCFA39411CA2CEA /* main.m */,
			);
			name = "Other Sources";
			sourceTree = "<group>";
		};
		29B97317FDCFA39411CA2CEA /* Resources */ = {
			isa = PBXGroup;
			children = (
				8D1107310486CEB800E47090 /* Info.plist */,
				089C165CFE840E0CC02AAC07 /* InfoPlist.strings */,
				1DDD58140DA1D0A300B32029 /* MainMenu.xib */,
			);
			name = Resources;
			sourceTree = "<group>";
		};
		29B97323FDCFA39411CA2CEA /* Frameworks */ = {
			isa = PBXGroup;
			children = (
				1058C7A0FEA54F0111CA2CBB /* Linked Frameworks */,
				1058C7A2FEA54F0111CA2CBB /* Other Frameworks */,
			);
			name = Frameworks;
			sourceTree = "<group>";
		};
		CEAEE23D0FEC0E8B00950781 /* Card Editor */ = {
			isa = PBXGroup;
			children = (
				CEAEE23A0FEC0E7F00950781 /* WWCardEditor.h */,
				CEAEE23B0FEC0E7F00950781 /* WWCardEditor.m */,
				CEAEE23E0FEC0EB300950781 /* WWCardEditorRow.h */,
				CEAEE23F0FEC0EB300950781 /* WWCardEditorRow.m */,
				CEAEE2410FEC0EBA00950781 /* Row Views */,
			);
			name = "Card Editor";
			sourceTree = "<group>";
		};
		CEAEE2410FEC0EBA00950781 /* Row Views */ = {
			isa = PBXGroup;
			children = (
				CEFE66830FE843530093A2E9 /* Flowing Field */,
				CEAEE2430FEC0F1500950781 /* WWKeyValueRow.h */,
				CEAEE2440FEC0F1500950781 /* WWKeyValueRow.m */,
			);
			name = "Row Views";
			sourceTree = "<group>";
		};
		CEFE66830FE843530093A2E9 /* Flowing Field */ = {
			isa = PBXGroup;
			children = (
				CEFE66800FE8434D0093A2E9 /* WWFlowFieldRow.h */,
				CEFE66810FE8434D0093A2E9 /* WWFlowFieldRow.m */,
				CEFE66840FE844100093A2E9 /* WWFlowFields.h */,
				CEFE66850FE844100093A2E9 /* WWFlowFields.m */,
				CEFE67930FE858930093A2E9 /* WWFlowFieldRowTextView.h */,
				CEFE67940FE858930093A2E9 /* WWFlowFieldRowTextView.m */,
				CEFE69340FE8700D0093A2E9 /* WWFlowFieldRow_Internals.h */,
			);
			name = "Flowing Field";
			sourceTree = "<group>";
		};
/* End PBXGroup section */

/* Begin PBXNativeTarget section */
		8D1107260486CEB800E47090 /* WWCardEditor */ = {
			isa = PBXNativeTarget;
			buildConfigurationList = C01FCF4A08A954540054247B /* Build configuration list for PBXNativeTarget "WWCardEditor" */;
			buildPhases = (
				8D1107290486CEB800E47090 /* Resources */,
				8D11072C0486CEB800E47090 /* Sources */,
				8D11072E0486CEB800E47090 /* Frameworks */,
			);
			buildRules = (
			);
			dependencies = (
			);
			name = WWCardEditor;
			productInstallPath = "$(HOME)/Applications";
			productName = WWCardEditor;
			productReference = 8D1107320486CEB800E47090 /* WWCardEditor.app */;
			productType = "com.apple.product-type.application";
		};
/* End PBXNativeTarget section */

/* Begin PBXProject section */
		29B97313FDCFA39411CA2CEA /* Project object */ = {
			isa = PBXProject;
			buildConfigurationList = C01FCF4E08A954540054247B /* Build configuration list for PBXProject "WWCardEditor" */;
			compatibilityVersion = "Xcode 3.1";
			hasScannedForEncodings = 1;
			mainGroup = 29B97314FDCFA39411CA2CEA /* WWCardEditor */;
			projectDirPath = "";
			projectRoot = "";
			targets = (
				8D1107260486CEB800E47090 /* WWCardEditor */,
			);
		};
/* End PBXProject section */

/* Begin PBXResourcesBuildPhase section */
		8D1107290486CEB800E47090 /* Resources */ = {
			isa = PBXResourcesBuildPhase;
			buildActionMask = 2147483647;
			files = (
				8D11072B0486CEB800E47090 /* InfoPlist.strings in Resources */,
				1DDD58160DA1D0A300B32029 /* MainMenu.xib in Resources */,
			);
			runOnlyForDeploymentPostprocessing = 0;
		};
/* End PBXResourcesBuildPhase section */

/* Begin PBXSourcesBuildPhase section */
		8D11072C0486CEB800E47090 /* Sources */ = {
			isa = PBXSourcesBuildPhase;
			buildActionMask = 2147483647;
			files = (
				8D11072D0486CEB800E47090 /* main.m in Sources */,
				CEFE66820FE8434D0093A2E9 /* WWFlowFieldRow.m in Sources */,
				CEFE66860FE844100093A2E9 /* WWFlowFields.m in Sources */,
				CEFE66C60FE848840093A2E9 /* TestController.m in Sources */,
				CEFE67950FE858930093A2E9 /* WWFlowFieldRowTextView.m in Sources */,
				CEFE68920FE867F30093A2E9 /* NSColor+Extras.m in Sources */,
				CEAEE23C0FEC0E7F00950781 /* WWCardEditor.m in Sources */,
				CEAEE2400FEC0EB300950781 /* WWCardEditorRow.m in Sources */,
				CEAEE2450FEC0F1500950781 /* WWKeyValueRow.m in Sources */,
			);
			runOnlyForDeploymentPostprocessing = 0;
		};
/* End PBXSourcesBuildPhase section */

/* Begin PBXVariantGroup section */
		089C165CFE840E0CC02AAC07 /* InfoPlist.strings */ = {
			isa = PBXVariantGroup;
			children = (
				089C165DFE840E0CC02AAC07 /* English */,
			);
			name = InfoPlist.strings;
			sourceTree = "<group>";
		};
		1DDD58140DA1D0A300B32029 /* MainMenu.xib */ = {
			isa = PBXVariantGroup;
			children = (
				1DDD58150DA1D0A300B32029 /* English */,
			);
			name = MainMenu.xib;
			sourceTree = "<group>";
		};
/* End PBXVariantGroup section */

/* Begin XCBuildConfiguration section */
		C01FCF4B08A954540054247B /* Debug */ = {
			isa = XCBuildConfiguration;
			buildSettings = {
				ALWAYS_SEARCH_USER_PATHS = NO;
				COPY_PHASE_STRIP = NO;
				GCC_DYNAMIC_NO_PIC = NO;
				GCC_ENABLE_FIX_AND_CONTINUE = YES;
				GCC_MODEL_TUNING = G5;
				GCC_OPTIMIZATION_LEVEL = 0;
				GCC_PRECOMPILE_PREFIX_HEADER = YES;
				GCC_PREFIX_HEADER = WWCardEditor_Prefix.pch;
				INFOPLIST_FILE = Info.plist;
				INSTALL_PATH = "$(HOME)/Applications";
				PRODUCT_NAME = WWCardEditor;
			};
			name = Debug;
		};
		C01FCF4C08A954540054247B /* Release */ = {
			isa = XCBuildConfiguration;
			buildSettings = {
				ALWAYS_SEARCH_USER_PATHS = NO;
				DEBUG_INFORMATION_FORMAT = "dwarf-with-dsym";
				GCC_MODEL_TUNING = G5;
				GCC_PRECOMPILE_PREFIX_HEADER = YES;
				GCC_PREFIX_HEADER = WWCardEditor_Prefix.pch;
				INFOPLIST_FILE = Info.plist;
				INSTALL_PATH = "$(HOME)/Applications";
				PRODUCT_NAME = WWCardEditor;
			};
			name = Release;
		};
		C01FCF4F08A954540054247B /* Debug */ = {
			isa = XCBuildConfiguration;
			buildSettings = {
				ARCHS = "$(ARCHS_STANDARD_32_BIT)";
				GCC_C_LANGUAGE_STANDARD = c99;
				GCC_OPTIMIZATION_LEVEL = 0;
				GCC_WARN_ABOUT_RETURN_TYPE = YES;
				GCC_WARN_UNUSED_VARIABLE = YES;
				ONLY_ACTIVE_ARCH = YES;
				PREBINDING = NO;
				SDKROOT = macosx10.5;
			};
			name = Debug;
		};
		C01FCF5008A954540054247B /* Release */ = {
			isa = XCBuildConfiguration;
			buildSettings = {
				ARCHS = "$(ARCHS_STANDARD_32_BIT)";
				GCC_C_LANGUAGE_STANDARD = c99;
				GCC_WARN_ABOUT_RETURN_TYPE = YES;
				GCC_WARN_UNUSED_VARIABLE = YES;
				PREBINDING = NO;
				SDKROOT = macosx10.5;
			};
			name = Release;
		};
/* End XCBuildConfiguration section */

/* Begin XCConfigurationList section */
		C01FCF4A08A954540054247B /* Build configuration list for PBXNativeTarget "WWCardEditor" */ = {
			isa = XCConfigurationList;
			buildConfigurations = (
				C01FCF4B08A954540054247B /* Debug */,
				C01FCF4C08A954540054247B /* Release */,
			);
			defaultConfigurationIsVisible = 0;
			defaultConfigurationName = Release;
		};
		C01FCF4E08A954540054247B /* Build configuration list for PBXProject "WWCardEditor" */ = {
			isa = XCConfigurationList;
			buildConfigurations = (
				C01FCF4F08A954540054247B /* Debug */,
				C01FCF5008A954540054247B /* Release */,
			);
			defaultConfigurationIsVisible = 0;
			defaultConfigurationName = Release;
		};
/* End XCConfigurationList section */
	};
	rootObject = 29B97313FDCFA39411CA2CEA /* Project object */;
}
